// !$*UTF8*$!
{
	archiveVersion = 1;
	classes = {
	};
	objectVersion = 46;
	objects = {

/* Begin PBXBuildFile section */
		A01232211CED558C003F52C5 /* main.m in Sources */ = {isa = PBXBuildFile; fileRef = A01232201CED558C003F52C5 /* main.m */; };
		A01232241CED558C003F52C5 /* AppDelegate.m in Sources */ = {isa = PBXBuildFile; fileRef = A01232231CED558C003F52C5 /* AppDelegate.m */; };
		A01232271CED558C003F52C5 /* ViewController.m in Sources */ = {isa = PBXBuildFile; fileRef = A01232261CED558C003F52C5 /* ViewController.m */; };
		A012322A1CED558C003F52C5 /* Main.storyboard in Resources */ = {isa = PBXBuildFile; fileRef = A01232281CED558C003F52C5 /* Main.storyboard */; };
		A012322C1CED558C003F52C5 /* Assets.xcassets in Resources */ = {isa = PBXBuildFile; fileRef = A012322B1CED558C003F52C5 /* Assets.xcassets */; };
		A012322F1CED558C003F52C5 /* LaunchScreen.storyboard in Resources */ = {isa = PBXBuildFile; fileRef = A012322D1CED558C003F52C5 /* LaunchScreen.storyboard */; };
		A01232381CED55B3003F52C5 /* WJCornerRadiusImageView.m in Sources */ = {isa = PBXBuildFile; fileRef = A01232371CED55B3003F52C5 /* WJCornerRadiusImageView.m */; };
		A012325F1CED5C3F003F52C5 /* MKAnnotationView+WebCache.m in Sources */ = {isa = PBXBuildFile; fileRef = A012323D1CED5C3F003F52C5 /* MKAnnotationView+WebCache.m */; };
		A01232601CED5C3F003F52C5 /* NSData+ImageContentType.m in Sources */ = {isa = PBXBuildFile; fileRef = A012323F1CED5C3F003F52C5 /* NSData+ImageContentType.m */; };
		A01232611CED5C3F003F52C5 /* SDImageCache.m in Sources */ = {isa = PBXBuildFile; fileRef = A01232411CED5C3F003F52C5 /* SDImageCache.m */; };
		A01232621CED5C3F003F52C5 /* SDWebImageCompat.m in Sources */ = {isa = PBXBuildFile; fileRef = A01232431CED5C3F003F52C5 /* SDWebImageCompat.m */; };
		A01232631CED5C3F003F52C5 /* SDWebImageDecoder.m in Sources */ = {isa = PBXBuildFile; fileRef = A01232451CED5C3F003F52C5 /* SDWebImageDecoder.m */; };
		A01232641CED5C3F003F52C5 /* SDWebImageDownloader.m in Sources */ = {isa = PBXBuildFile; fileRef = A01232471CED5C3F003F52C5 /* SDWebImageDownloader.m */; };
		A01232651CED5C3F003F52C5 /* SDWebImageDownloaderOperation.m in Sources */ = {isa = PBXBuildFile; fileRef = A01232491CED5C3F003F52C5 /* SDWebImageDownloaderOperation.m */; };
		A01232661CED5C3F003F52C5 /* SDWebImageManager+MJ.m in Sources */ = {isa = PBXBuildFile; fileRef = A012324B1CED5C3F003F52C5 /* SDWebImageManager+MJ.m */; };
		A01232671CED5C3F003F52C5 /* SDWebImageManager.m in Sources */ = {isa = PBXBuildFile; fileRef = A012324D1CED5C3F003F52C5 /* SDWebImageManager.m */; };
		A01232681CED5C3F003F52C5 /* SDWebImagePrefetcher.m in Sources */ = {isa = PBXBuildFile; fileRef = A01232501CED5C3F003F52C5 /* SDWebImagePrefetcher.m */; };
		A01232691CED5C3F003F52C5 /* UIButton+WebCache.m in Sources */ = {isa = PBXBuildFile; fileRef = A01232521CED5C3F003F52C5 /* UIButton+WebCache.m */; };
		A012326A1CED5C3F003F52C5 /* UIImage+GIF.m in Sources */ = {isa = PBXBuildFile; fileRef = A01232541CED5C3F003F52C5 /* UIImage+GIF.m */; };
		A012326B1CED5C3F003F52C5 /* UIImage+MultiFormat.m in Sources */ = {isa = PBXBuildFile; fileRef = A01232561CED5C3F003F52C5 /* UIImage+MultiFormat.m */; };
		A012326C1CED5C3F003F52C5 /* UIImage+WebP.m in Sources */ = {isa = PBXBuildFile; fileRef = A01232581CED5C3F003F52C5 /* UIImage+WebP.m */; };
		A012326D1CED5C3F003F52C5 /* UIImageView+HighlightedWebCache.m in Sources */ = {isa = PBXBuildFile; fileRef = A012325A1CED5C3F003F52C5 /* UIImageView+HighlightedWebCache.m */; };
		A012326E1CED5C3F003F52C5 /* UIImageView+WebCache.m in Sources */ = {isa = PBXBuildFile; fileRef = A012325C1CED5C3F003F52C5 /* UIImageView+WebCache.m */; };
		A012326F1CED5C3F003F52C5 /* UIView+WebCacheOperation.m in Sources */ = {isa = PBXBuildFile; fileRef = A012325E1CED5C3F003F52C5 /* UIView+WebCacheOperation.m */; };
		A01232721CED5C76003F52C5 /* UIImageView+WebCache_WJ.m in Sources */ = {isa = PBXBuildFile; fileRef = A01232711CED5C76003F52C5 /* UIImageView+WebCache_WJ.m */; };
		A01232791CED643D003F52C5 /* UIImage+WJRound.m in Sources */ = {isa = PBXBuildFile; fileRef = A01232781CED643D003F52C5 /* UIImage+WJRound.m */; };
/* End PBXBuildFile section */

/* Begin PBXFileReference section */
		A012321C1CED558C003F52C5 /* WJCornerRadiusImageView.app */ = {isa = PBXFileReference; explicitFileType = wrapper.application; includeInIndex = 0; path = WJCornerRadiusImageView.app; sourceTree = BUILT_PRODUCTS_DIR; };
		A01232201CED558C003F52C5 /* main.m */ = {isa = PBXFileReference; lastKnownFileType = sourcecode.c.objc; path = main.m; sourceTree = "<group>"; };
		A01232221CED558C003F52C5 /* AppDelegate.h */ = {isa = PBXFileReference; lastKnownFileType = sourcecode.c.h; path = AppDelegate.h; sourceTree = "<group>"; };
		A01232231CED558C003F52C5 /* AppDelegate.m */ = {isa = PBXFileReference; lastKnownFileType = sourcecode.c.objc; path = AppDelegate.m; sourceTree = "<group>"; };
		A01232251CED558C003F52C5 /* ViewController.h */ = {isa = PBXFileReference; lastKnownFileType = sourcecode.c.h; path = ViewController.h; sourceTree = "<group>"; };
		A01232261CED558C003F52C5 /* ViewController.m */ = {isa = PBXFileReference; lastKnownFileType = sourcecode.c.objc; path = ViewController.m; sourceTree = "<group>"; };
		A01232291CED558C003F52C5 /* Base */ = {isa = PBXFileReference; lastKnownFileType = file.storyboard; name = Base; path = Base.lproj/Main.storyboard; sourceTree = "<group>"; };
		A012322B1CED558C003F52C5 /* Assets.xcassets */ = {isa = PBXFileReference; lastKnownFileType = folder.assetcatalog; path = Assets.xcassets; sourceTree = "<group>"; };
		A012322E1CED558C003F52C5 /* Base */ = {isa = PBXFileReference; lastKnownFileType = file.storyboard; name = Base; path = Base.lproj/LaunchScreen.storyboard; sourceTree = "<group>"; };
		A01232301CED558C003F52C5 /* Info.plist */ = {isa = PBXFileReference; lastKnownFileType = text.plist.xml; path = Info.plist; sourceTree = "<group>"; };
		A01232361CED55B3003F52C5 /* WJCornerRadiusImageView.h */ = {isa = PBXFileReference; fileEncoding = 4; lastKnownFileType = sourcecode.c.h; path = WJCornerRadiusImageView.h; sourceTree = "<group>"; };
		A01232371CED55B3003F52C5 /* WJCornerRadiusImageView.m */ = {isa = PBXFileReference; fileEncoding = 4; lastKnownFileType = sourcecode.c.objc; path = WJCornerRadiusImageView.m; sourceTree = "<group>"; };
		A012323C1CED5C3E003F52C5 /* MKAnnotationView+WebCache.h */ = {isa = PBXFileReference; fileEncoding = 4; lastKnownFileType = sourcecode.c.h; path = "MKAnnotationView+WebCache.h"; sourceTree = "<group>"; };
		A012323D1CED5C3F003F52C5 /* MKAnnotationView+WebCache.m */ = {isa = PBXFileReference; fileEncoding = 4; lastKnownFileType = sourcecode.c.objc; path = "MKAnnotationView+WebCache.m"; sourceTree = "<group>"; };
		A012323E1CED5C3F003F52C5 /* NSData+ImageContentType.h */ = {isa = PBXFileReference; fileEncoding = 4; lastKnownFileType = sourcecode.c.h; path = "NSData+ImageContentType.h"; sourceTree = "<group>"; };
		A012323F1CED5C3F003F52C5 /* NSData+ImageContentType.m */ = {isa = PBXFileReference; fileEncoding = 4; lastKnownFileType = sourcecode.c.objc; path = "NSData+ImageContentType.m"; sourceTree = "<group>"; };
		A01232401CED5C3F003F52C5 /* SDImageCache.h */ = {isa = PBXFileReference; fileEncoding = 4; lastKnownFileType = sourcecode.c.h; path = SDImageCache.h; sourceTree = "<group>"; };
		A01232411CED5C3F003F52C5 /* SDImageCache.m */ = {isa = PBXFileReference; fileEncoding = 4; lastKnownFileType = sourcecode.c.objc; path = SDImageCache.m; sourceTree = "<group>"; };
		A01232421CED5C3F003F52C5 /* SDWebImageCompat.h */ = {isa = PBXFileReference; fileEncoding = 4; lastKnownFileType = sourcecode.c.h; path = SDWebImageCompat.h; sourceTree = "<group>"; };
		A01232431CED5C3F003F52C5 /* SDWebImageCompat.m */ = {isa = PBXFileReference; fileEncoding = 4; lastKnownFileType = sourcecode.c.objc; path = SDWebImageCompat.m; sourceTree = "<group>"; };
		A01232441CED5C3F003F52C5 /* SDWebImageDecoder.h */ = {isa = PBXFileReference; fileEncoding = 4; lastKnownFileType = sourcecode.c.h; path = SDWebImageDecoder.h; sourceTree = "<group>"; };
		A01232451CED5C3F003F52C5 /* SDWebImageDecoder.m */ = {isa = PBXFileReference; fileEncoding = 4; lastKnownFileType = sourcecode.c.objc; path = SDWebImageDecoder.m; sourceTree = "<group>"; };
		A01232461CED5C3F003F52C5 /* SDWebImageDownloader.h */ = {isa = PBXFileReference; fileEncoding = 4; lastKnownFileType = sourcecode.c.h; path = SDWebImageDownloader.h; sourceTree = "<group>"; };
		A01232471CED5C3F003F52C5 /* SDWebImageDownloader.m */ = {isa = PBXFileReference; fileEncoding = 4; lastKnownFileType = sourcecode.c.objc; path = SDWebImageDownloader.m; sourceTree = "<group>"; };
		A01232481CED5C3F003F52C5 /* SDWebImageDownloaderOperation.h */ = {isa = PBXFileReference; fileEncoding = 4; lastKnownFileType = sourcecode.c.h; path = SDWebImageDownloaderOperation.h; sourceTree = "<group>"; };
		A01232491CED5C3F003F52C5 /* SDWebImageDownloaderOperation.m */ = {isa = PBXFileReference; fileEncoding = 4; lastKnownFileType = sourcecode.c.objc; path = SDWebImageDownloaderOperation.m; sourceTree = "<group>"; };
		A012324A1CED5C3F003F52C5 /* SDWebImageManager+MJ.h */ = {isa = PBXFileReference; fileEncoding = 4; lastKnownFileType = sourcecode.c.h; path = "SDWebImageManager+MJ.h"; sourceTree = "<group>"; };
		A012324B1CED5C3F003F52C5 /* SDWebImageManager+MJ.m */ = {isa = PBXFileReference; fileEncoding = 4; lastKnownFileType = sourcecode.c.objc; path = "SDWebImageManager+MJ.m"; sourceTree = "<group>"; };
		A012324C1CED5C3F003F52C5 /* SDWebImageManager.h */ = {isa = PBXFileReference; fileEncoding = 4; lastKnownFileType = sourcecode.c.h; path = SDWebImageManager.h; sourceTree = "<group>"; };
		A012324D1CED5C3F003F52C5 /* SDWebImageManager.m */ = {isa = PBXFileReference; fileEncoding = 4; lastKnownFileType = sourcecode.c.objc; path = SDWebImageManager.m; sourceTree = "<group>"; };
		A012324E1CED5C3F003F52C5 /* SDWebImageOperation.h */ = {isa = PBXFileReference; fileEncoding = 4; lastKnownFileType = sourcecode.c.h; path = SDWebImageOperation.h; sourceTree = "<group>"; };
		A012324F1CED5C3F003F52C5 /* SDWebImagePrefetcher.h */ = {isa = PBXFileReference; fileEncoding = 4; lastKnownFileType = sourcecode.c.h; path = SDWebImagePrefetcher.h; sourceTree = "<group>"; };
		A01232501CED5C3F003F52C5 /* SDWebImagePrefetcher.m */ = {isa = PBXFileReference; fileEncoding = 4; lastKnownFileType = sourcecode.c.objc; path = SDWebImagePrefetcher.m; sourceTree = "<group>"; };
		A01232511CED5C3F003F52C5 /* UIButton+WebCache.h */ = {isa = PBXFileReference; fileEncoding = 4; lastKnownFileType = sourcecode.c.h; path = "UIButton+WebCache.h"; sourceTree = "<group>"; };
		A01232521CED5C3F003F52C5 /* UIButton+WebCache.m */ = {isa = PBXFileReference; fileEncoding = 4; lastKnownFileType = sourcecode.c.objc; path = "UIButton+WebCache.m"; sourceTree = "<group>"; };
		A01232531CED5C3F003F52C5 /* UIImage+GIF.h */ = {isa = PBXFileReference; fileEncoding = 4; lastKnownFileType = sourcecode.c.h; path = "UIImage+GIF.h"; sourceTree = "<group>"; };
		A01232541CED5C3F003F52C5 /* UIImage+GIF.m */ = {isa = PBXFileReference; fileEncoding = 4; lastKnownFileType = sourcecode.c.objc; path = "UIImage+GIF.m"; sourceTree = "<group>"; };
		A01232551CED5C3F003F52C5 /* UIImage+MultiFormat.h */ = {isa = PBXFileReference; fileEncoding = 4; lastKnownFileType = sourcecode.c.h; path = "UIImage+MultiFormat.h"; sourceTree = "<group>"; };
		A01232561CED5C3F003F52C5 /* UIImage+MultiFormat.m */ = {isa = PBXFileReference; fileEncoding = 4; lastKnownFileType = sourcecode.c.objc; path = "UIImage+MultiFormat.m"; sourceTree = "<group>"; };
		A01232571CED5C3F003F52C5 /* UIImage+WebP.h */ = {isa = PBXFileReference; fileEncoding = 4; lastKnownFileType = sourcecode.c.h; path = "UIImage+WebP.h"; sourceTree = "<group>"; };
		A01232581CED5C3F003F52C5 /* UIImage+WebP.m */ = {isa = PBXFileReference; fileEncoding = 4; lastKnownFileType = sourcecode.c.objc; path = "UIImage+WebP.m"; sourceTree = "<group>"; };
		A01232591CED5C3F003F52C5 /* UIImageView+HighlightedWebCache.h */ = {isa = PBXFileReference; fileEncoding = 4; lastKnownFileType = sourcecode.c.h; path = "UIImageView+HighlightedWebCache.h"; sourceTree = "<group>"; };
		A012325A1CED5C3F003F52C5 /* UIImageView+HighlightedWebCache.m */ = {isa = PBXFileReference; fileEncoding = 4; lastKnownFileType = sourcecode.c.objc; path = "UIImageView+HighlightedWebCache.m"; sourceTree = "<group>"; };
		A012325B1CED5C3F003F52C5 /* UIImageView+WebCache.h */ = {isa = PBXFileReference; fileEncoding = 4; lastKnownFileType = sourcecode.c.h; path = "UIImageView+WebCache.h"; sourceTree = "<group>"; };
		A012325C1CED5C3F003F52C5 /* UIImageView+WebCache.m */ = {isa = PBXFileReference; fileEncoding = 4; lastKnownFileType = sourcecode.c.objc; path = "UIImageView+WebCache.m"; sourceTree = "<group>"; };
		A012325D1CED5C3F003F52C5 /* UIView+WebCacheOperation.h */ = {isa = PBXFileReference; fileEncoding = 4; lastKnownFileType = sourcecode.c.h; path = "UIView+WebCacheOperation.h"; sourceTree = "<group>"; };
		A012325E1CED5C3F003F52C5 /* UIView+WebCacheOperation.m */ = {isa = PBXFileReference; fileEncoding = 4; lastKnownFileType = sourcecode.c.objc; path = "UIView+WebCacheOperation.m"; sourceTree = "<group>"; };
		A01232701CED5C76003F52C5 /* UIImageView+WebCache_WJ.h */ = {isa = PBXFileReference; fileEncoding = 4; lastKnownFileType = sourcecode.c.h; path = "UIImageView+WebCache_WJ.h"; sourceTree = "<group>"; };
		A01232711CED5C76003F52C5 /* UIImageView+WebCache_WJ.m */ = {isa = PBXFileReference; fileEncoding = 4; lastKnownFileType = sourcecode.c.objc; path = "UIImageView+WebCache_WJ.m"; sourceTree = "<group>"; };
		A01232771CED643D003F52C5 /* UIImage+WJRound.h */ = {isa = PBXFileReference; fileEncoding = 4; lastKnownFileType = sourcecode.c.h; path = "UIImage+WJRound.h"; sourceTree = "<group>"; };
		A01232781CED643D003F52C5 /* UIImage+WJRound.m */ = {isa = PBXFileReference; fileEncoding = 4; lastKnownFileType = sourcecode.c.objc; path = "UIImage+WJRound.m"; sourceTree = "<group>"; };
/* End PBXFileReference section */

/* Begin PBXFrameworksBuildPhase section */
		A01232191CED558C003F52C5 /* Frameworks */ = {
			isa = PBXFrameworksBuildPhase;
			buildActionMask = 2147483647;
			files = (
			);
			runOnlyForDeploymentPostprocessing = 0;
		};
/* End PBXFrameworksBuildPhase section */

/* Begin PBXGroup section */
		A01232131CED558C003F52C5 = {
			isa = PBXGroup;
			children = (
				A012321E1CED558C003F52C5 /* WJCornerRadiusImageView */,
				A012321D1CED558C003F52C5 /* Products */,
			);
			sourceTree = "<group>";
		};
		A012321D1CED558C003F52C5 /* Products */ = {
			isa = PBXGroup;
			children = (
				A012321C1CED558C003F52C5 /* WJCornerRadiusImageView.app */,
			);
			name = Products;
			sourceTree = "<group>";
		};
		A012321E1CED558C003F52C5 /* WJCornerRadiusImageView */ = {
			isa = PBXGroup;
			children = (
				A01232731CED5CD1003F52C5 /* ImageView */,
				A012323B1CED5C3E003F52C5 /* SDWebImage */,
				A01232221CED558C003F52C5 /* AppDelegate.h */,
				A01232231CED558C003F52C5 /* AppDelegate.m */,
				A01232251CED558C003F52C5 /* ViewController.h */,
				A01232261CED558C003F52C5 /* ViewController.m */,
				A01232281CED558C003F52C5 /* Main.storyboard */,
				A012322B1CED558C003F52C5 /* Assets.xcassets */,
				A012322D1CED558C003F52C5 /* LaunchScreen.storyboard */,
				A01232301CED558C003F52C5 /* Info.plist */,
				A012321F1CED558C003F52C5 /* Supporting Files */,
			);
			path = WJCornerRadiusImageView;
			sourceTree = "<group>";
		};
		A012321F1CED558C003F52C5 /* Supporting Files */ = {
			isa = PBXGroup;
			children = (
				A01232201CED558C003F52C5 /* main.m */,
			);
			name = "Supporting Files";
			sourceTree = "<group>";
		};
		A012323B1CED5C3E003F52C5 /* SDWebImage */ = {
			isa = PBXGroup;
			children = (
				A012323C1CED5C3E003F52C5 /* MKAnnotationView+WebCache.h */,
				A012323D1CED5C3F003F52C5 /* MKAnnotationView+WebCache.m */,
				A012323E1CED5C3F003F52C5 /* NSData+ImageContentType.h */,
				A012323F1CED5C3F003F52C5 /* NSData+ImageContentType.m */,
				A01232401CED5C3F003F52C5 /* SDImageCache.h */,
				A01232411CED5C3F003F52C5 /* SDImageCache.m */,
				A01232421CED5C3F003F52C5 /* SDWebImageCompat.h */,
				A01232431CED5C3F003F52C5 /* SDWebImageCompat.m */,
				A01232441CED5C3F003F52C5 /* SDWebImageDecoder.h */,
				A01232451CED5C3F003F52C5 /* SDWebImageDecoder.m */,
				A01232461CED5C3F003F52C5 /* SDWebImageDownloader.h */,
				A01232471CED5C3F003F52C5 /* SDWebImageDownloader.m */,
				A01232481CED5C3F003F52C5 /* SDWebImageDownloaderOperation.h */,
				A01232491CED5C3F003F52C5 /* SDWebImageDownloaderOperation.m */,
				A012324A1CED5C3F003F52C5 /* SDWebImageManager+MJ.h */,
				A012324B1CED5C3F003F52C5 /* SDWebImageManager+MJ.m */,
				A012324C1CED5C3F003F52C5 /* SDWebImageManager.h */,
				A012324D1CED5C3F003F52C5 /* SDWebImageManager.m */,
				A012324E1CED5C3F003F52C5 /* SDWebImageOperation.h */,
				A012324F1CED5C3F003F52C5 /* SDWebImagePrefetcher.h */,
				A01232501CED5C3F003F52C5 /* SDWebImagePrefetcher.m */,
				A01232511CED5C3F003F52C5 /* UIButton+WebCache.h */,
				A01232521CED5C3F003F52C5 /* UIButton+WebCache.m */,
				A01232531CED5C3F003F52C5 /* UIImage+GIF.h */,
				A01232541CED5C3F003F52C5 /* UIImage+GIF.m */,
				A01232551CED5C3F003F52C5 /* UIImage+MultiFormat.h */,
				A01232561CED5C3F003F52C5 /* UIImage+MultiFormat.m */,
				A01232571CED5C3F003F52C5 /* UIImage+WebP.h */,
				A01232581CED5C3F003F52C5 /* UIImage+WebP.m */,
				A01232591CED5C3F003F52C5 /* UIImageView+HighlightedWebCache.h */,
				A012325A1CED5C3F003F52C5 /* UIImageView+HighlightedWebCache.m */,
				A012325B1CED5C3F003F52C5 /* UIImageView+WebCache.h */,
				A012325C1CED5C3F003F52C5 /* UIImageView+WebCache.m */,
				A012325D1CED5C3F003F52C5 /* UIView+WebCacheOperation.h */,
				A012325E1CED5C3F003F52C5 /* UIView+WebCacheOperation.m */,
			);
			path = SDWebImage;
			sourceTree = "<group>";
		};
		A01232731CED5CD1003F52C5 /* ImageView */ = {
			isa = PBXGroup;
			children = (
				A01232771CED643D003F52C5 /* UIImage+WJRound.h */,
				A01232781CED643D003F52C5 /* UIImage+WJRound.m */,
				A01232361CED55B3003F52C5 /* WJCornerRadiusImageView.h */,
				A01232371CED55B3003F52C5 /* WJCornerRadiusImageView.m */,
				A01232701CED5C76003F52C5 /* UIImageView+WebCache_WJ.h */,
				A01232711CED5C76003F52C5 /* UIImageView+WebCache_WJ.m */,
			);
			name = ImageView;
			sourceTree = "<group>";
		};
/* End PBXGroup section */

/* Begin PBXNativeTarget section */
		A012321B1CED558C003F52C5 /* WJCornerRadiusImageView */ = {
			isa = PBXNativeTarget;
			buildConfigurationList = A01232331CED558C003F52C5 /* Build configuration list for PBXNativeTarget "WJCornerRadiusImageView" */;
			buildPhases = (
				A01232181CED558C003F52C5 /* Sources */,
				A01232191CED558C003F52C5 /* Frameworks */,
				A012321A1CED558C003F52C5 /* Resources */,
			);
			buildRules = (
			);
			dependencies = (
			);
			name = WJCornerRadiusImageView;
			productName = WJCornerRadiusImageView;
			productReference = A012321C1CED558C003F52C5 /* WJCornerRadiusImageView.app */;
			productType = "com.apple.product-type.application";
		};
/* End PBXNativeTarget section */

/* Begin PBXProject section */
		A01232141CED558C003F52C5 /* Project object */ = {
			isa = PBXProject;
			attributes = {
				LastUpgradeCheck = 0730;
				ORGANIZATIONNAME = WJ;
				TargetAttributes = {
					A012321B1CED558C003F52C5 = {
						CreatedOnToolsVersion = 7.3.1;
					};
				};
			};
			buildConfigurationList = A01232171CED558C003F52C5 /* Build configuration list for PBXProject "WJCornerRadiusImageView" */;
			compatibilityVersion = "Xcode 3.2";
			developmentRegion = English;
			hasScannedForEncodings = 0;
			knownRegions = (
				en,
				Base,
			);
			mainGroup = A01232131CED558C003F52C5;
			productRefGroup = A012321D1CED558C003F52C5 /* Products */;
			projectDirPath = "";
			projectRoot = "";
			targets = (
				A012321B1CED558C003F52C5 /* WJCornerRadiusImageView */,
			);
		};
/* End PBXProject section */

/* Begin PBXResourcesBuildPhase section */
		A012321A1CED558C003F52C5 /* Resources */ = {
			isa = PBXResourcesBuildPhase;
			buildActionMask = 2147483647;
			files = (
				A012322F1CED558C003F52C5 /* LaunchScreen.storyboard in Resources */,
				A012322C1CED558C003F52C5 /* Assets.xcassets in Resources */,
				A012322A1CED558C003F52C5 /* Main.storyboard in Resources */,
			);
			runOnlyForDeploymentPostprocessing = 0;
		};
/* End PBXResourcesBuildPhase section */

/* Begin PBXSourcesBuildPhase section */
		A01232181CED558C003F52C5 /* Sources */ = {
			isa = PBXSourcesBuildPhase;
			buildActionMask = 2147483647;
			files = (
				A01232651CED5C3F003F52C5 /* SDWebImageDownloaderOperation.m in Sources */,
				A012326D1CED5C3F003F52C5 /* UIImageView+HighlightedWebCache.m in Sources */,
				A012326E1CED5C3F003F52C5 /* UIImageView+WebCache.m in Sources */,
				A012326C1CED5C3F003F52C5 /* UIImage+WebP.m in Sources */,
				A01232681CED5C3F003F52C5 /* SDWebImagePrefetcher.m in Sources */,
				A01232381CED55B3003F52C5 /* WJCornerRadiusImageView.m in Sources */,
				A01232661CED5C3F003F52C5 /* SDWebImageManager+MJ.m in Sources */,
				A01232721CED5C76003F52C5 /* UIImageView+WebCache_WJ.m in Sources */,
				A01232621CED5C3F003F52C5 /* SDWebImageCompat.m in Sources */,
				A01232271CED558C003F52C5 /* ViewController.m in Sources */,
				A01232671CED5C3F003F52C5 /* SDWebImageManager.m in Sources */,
				A012326F1CED5C3F003F52C5 /* UIView+WebCacheOperation.m in Sources */,
				A01232691CED5C3F003F52C5 /* UIButton+WebCache.m in Sources */,
				A01232791CED643D003F52C5 /* UIImage+WJRound.m in Sources */,
				A012326B1CED5C3F003F52C5 /* UIImage+MultiFormat.m in Sources */,
				A01232241CED558C003F52C5 /* AppDelegate.m in Sources */,
				A01232641CED5C3F003F52C5 /* SDWebImageDownloader.m in Sources */,
				A012326A1CED5C3F003F52C5 /* UIImage+GIF.m in Sources */,
				A012325F1CED5C3F003F52C5 /* MKAnnotationView+WebCache.m in Sources */,
				A01232601CED5C3F003F52C5 /* NSData+ImageContentType.m in Sources */,
				A01232211CED558C003F52C5 /* main.m in Sources */,
				A01232631CED5C3F003F52C5 /* SDWebImageDecoder.m in Sources */,
				A01232611CED5C3F003F52C5 /* SDImageCache.m in Sources */,
			);
			runOnlyForDeploymentPostprocessing = 0;
		};
/* End PBXSourcesBuildPhase section */

/* Begin PBXVariantGroup section */
		A01232281CED558C003F52C5 /* Main.storyboard */ = {
			isa = PBXVariantGroup;
			children = (
				A01232291CED558C003F52C5 /* Base */,
			);
			name = Main.storyboard;
			sourceTree = "<group>";
		};
		A012322D1CED558C003F52C5 /* LaunchScreen.storyboard */ = {
			isa = PBXVariantGroup;
			children = (
				A012322E1CED558C003F52C5 /* Base */,
			);
			name = LaunchScreen.storyboard;
			sourceTree = "<group>";
		};
/* End PBXVariantGroup section */

/* Begin XCBuildConfiguration section */
		A01232311CED558C003F52C5 /* Debug */ = {
			isa = XCBuildConfiguration;
			buildSettings = {
				ALWAYS_SEARCH_USER_PATHS = NO;
				CLANG_ANALYZER_NONNULL = YES;
				CLANG_CXX_LANGUAGE_STANDARD = "gnu++0x";
				CLANG_CXX_LIBRARY = "libc++";
				CLANG_ENABLE_MODULES = YES;
				CLANG_ENABLE_OBJC_ARC = YES;
				CLANG_WARN_BOOL_CONVERSION = YES;
				CLANG_WARN_CONSTANT_CONVERSION = YES;
				CLANG_WARN_DIRECT_OBJC_ISA_USAGE = YES_ERROR;
				CLANG_WARN_EMPTY_BODY = YES;
				CLANG_WARN_ENUM_CONVERSION = YES;
				CLANG_WARN_INT_CONVERSION = YES;
				CLANG_WARN_OBJC_ROOT_CLASS = YES_ERROR;
				CLANG_WARN_UNREACHABLE_CODE = YES;
				CLANG_WARN__DUPLICATE_METHOD_MATCH = YES;
				"CODE_SIGN_IDENTITY[sdk=iphoneos*]" = "iPhone Developer";
				COPY_PHASE_STRIP = NO;
				DEBUG_INFORMATION_FORMAT = dwarf;
				ENABLE_STRICT_OBJC_MSGSEND = YES;
				ENABLE_TESTABILITY = YES;
				GCC_C_LANGUAGE_STANDARD = gnu99;
				GCC_DYNAMIC_NO_PIC = NO;
				GCC_NO_COMMON_BLOCKS = YES;
				GCC_OPTIMIZATION_LEVEL = 0;
				GCC_PREPROCESSOR_DEFINITIONS = (
					"DEBUG=1",
					"$(inherited)",
				);
				GCC_WARN_64_TO_32_BIT_CONVERSION = YES;
				GCC_WARN_ABOUT_RETURN_TYPE = YES_ERROR;
				GCC_WARN_UNDECLARED_SELECTOR = YES;
				GCC_WARN_UNINITIALIZED_AUTOS = YES_AGGRESSIVE;
				GCC_WARN_UNUSED_FUNCTION = YES;
				GCC_WARN_UNUSED_VARIABLE = YES;
				IPHONEOS_DEPLOYMENT_TARGET = 9.3;
				MTL_ENABLE_DEBUG_INFO = YES;
				ONLY_ACTIVE_ARCH = YES;
				SDKROOT = iphoneos;
			};
			name = Debug;
		};
		A01232321CED558C003F52C5 /* Release */ = {
			isa = XCBuildConfiguration;
			buildSettings = {
				ALWAYS_SEARCH_USER_PATHS = NO;
				CLANG_ANALYZER_NONNULL = YES;
				CLANG_CXX_LANGUAGE_STANDARD = "gnu++0x";
				CLANG_CXX_LIBRARY = "libc++";
				CLANG_ENABLE_MODULES = YES;
				CLANG_ENABLE_OBJC_ARC = YES;
				CLANG_WARN_BOOL_CONVERSION = YES;
				CLANG_WARN_CONSTANT_CONVERSION = YES;
				CLANG_WARN_DIRECT_OBJC_ISA_USAGE = YES_ERROR;
				CLANG_WARN_EMPTY_BODY = YES;
				CLANG_WARN_ENUM_CONVERSION = YES;
				CLANG_WARN_INT_CONVERSION = YES;
				CLANG_WARN_OBJC_ROOT_CLASS = YES_ERROR;
				CLANG_WARN_UNREACHABLE_CODE = YES;
				CLANG_WARN__DUPLICATE_METHOD_MATCH = YES;
				"CODE_SIGN_IDENTITY[sdk=iphoneos*]" = "iPhone Developer";
				COPY_PHASE_STRIP = NO;
				DEBUG_INFORMATION_FORMAT = "dwarf-with-dsym";
				ENABLE_NS_ASSERTIONS = NO;
				ENABLE_STRICT_OBJC_MSGSEND = YES;
				GCC_C_LANGUAGE_STANDARD = gnu99;
				GCC_NO_COMMON_BLOCKS = YES;
				GCC_WARN_64_TO_32_BIT_CONVERSION = YES;
				GCC_WARN_ABOUT_RETURN_TYPE = YES_ERROR;
				GCC_WARN_UNDECLARED_SELECTOR = YES;
				GCC_WARN_UNINITIALIZED_AUTOS = YES_AGGRESSIVE;
				GCC_WARN_UNUSED_FUNCTION = YES;
				GCC_WARN_UNUSED_VARIABLE = YES;
				IPHONEOS_DEPLOYMENT_TARGET = 9.3;
				MTL_ENABLE_DEBUG_INFO = NO;
				SDKROOT = iphoneos;
				VALIDATE_PRODUCT = YES;
			};
			name = Release;
		};
		A01232341CED558C003F52C5 /* Debug */ = {
			isa = XCBuildConfiguration;
			buildSettings = {
				ASSETCATALOG_COMPILER_APPICON_NAME = AppIcon;
				INFOPLIST_FILE = WJCornerRadiusImageView/Info.plist;
				IPHONEOS_DEPLOYMENT_TARGET = 7.0;
				LD_RUNPATH_SEARCH_PATHS = "$(inherited) @executable_path/Frameworks";
				PRODUCT_BUNDLE_IDENTIFIER = com.wj.WJCornerRadiusImageView;
				PRODUCT_NAME = "$(TARGET_NAME)";
			};
			name = Debug;
		};
		A01232351CED558C003F52C5 /* Release */ = {
			isa = XCBuildConfiguration;
			buildSettings = {
				ASSETCATALOG_COMPILER_APPICON_NAME = AppIcon;
				INFOPLIST_FILE = WJCornerRadiusImageView/Info.plist;
				IPHONEOS_DEPLOYMENT_TARGET = 7.0;
				LD_RUNPATH_SEARCH_PATHS = "$(inherited) @executable_path/Frameworks";
				PRODUCT_BUNDLE_IDENTIFIER = com.wj.WJCornerRadiusImageView;
				PRODUCT_NAME = "$(TARGET_NAME)";
			};
			name = Release;
		};
/* End XCBuildConfiguration section */

/* Begin XCConfigurationList section */
		A01232171CED558C003F52C5 /* Build configuration list for PBXProject "WJCornerRadiusImageView" */ = {
			isa = XCConfigurationList;
			buildConfigurations = (
				A01232311CED558C003F52C5 /* Debug */,
				A01232321CED558C003F52C5 /* Release */,
			);
			defaultConfigurationIsVisible = 0;
			defaultConfigurationName = Release;
		};
		A01232331CED558C003F52C5 /* Build configuration list for PBXNativeTarget "WJCornerRadiusImageView" */ = {
			isa = XCConfigurationList;
			buildConfigurations = (
				A01232341CED558C003F52C5 /* Debug */,
				A01232351CED558C003F52C5 /* Release */,
			);
			defaultConfigurationIsVisible = 0;
		};
/* End XCConfigurationList section */
	};
	rootObject = A01232141CED558C003F52C5 /* Project object */;
}
